
Microsoft Visual Studio Solution File, Format Version 12.00
# Visual Studio Version 17
VisualStudioVersion = 17.2.32630.192
MinimumVisualStudioVersion = 10.0.40219.1
Project("{FAE04EC0-301F-11D3-BF4B-00C04F79EFBC}") = "pracadomowa3", "pracadomowa3\pracadomowa3.csproj", "{A066484F-5860-420D-AEE3-4AE412A6007A}"
EndProject
Global
	GlobalSection(SolutionConfigurationPlatforms) = preSolution
		Debug|Any CPU = Debug|Any CPU
		Release|Any CPU = Release|Any CPU
	EndGlobalSection
	GlobalSection(ProjectConfigurationPlatforms) = postSolution
		{A066484F-5860-420D-AEE3-4AE412A6007A}.Debug|Any CPU.ActiveCfg = Debug|Any CPU
		{A066484F-5860-420D-AEE3-4AE412A6007A}.Debug|Any CPU.Build.0 = Debug|Any CPU
		{A066484F-5860-420D-AEE3-4AE412A6007A}.Release|Any CPU.ActiveCfg = Release|Any CPU
		{A066484F-5860-420D-AEE3-4AE412A6007A}.Release|Any CPU.Build.0 = Release|Any CPU
	EndGlobalSection
	GlobalSection(SolutionProperties) = preSolution
		HideSolutionNode = FALSE
	EndGlobalSection
	GlobalSection(ExtensibilityGlobals) = postSolution
		SolutionGuid = {534D79BA-ED3A-4849-B190-D5F27492DADE}
	EndGlobalSection
EndGlobal
